Microsoft Visual Studio Solution File, Format Version 12.00
# Visual Studio 2012
Project("{FAE04EC0-301F-11D3-BF4B-00C04F79EFBC}") = "Plant-TD", "Plant-TD.csproj", "{D244D0B1-5A63-4EA6-AA41-94C0E4EA11C8}"
EndProject
Global
	GlobalSection(SolutionConfigurationPlatforms) = preSolution
	Debug|Any CPU = Debug|Any CPU
	ExportDebug|Any CPU = ExportDebug|Any CPU
	ExportRelease|Any CPU = ExportRelease|Any CPU
	EndGlobalSection
	GlobalSection(ProjectConfigurationPlatforms) = postSolution
		{D244D0B1-5A63-4EA6-AA41-94C0E4EA11C8}.Debug|Any CPU.ActiveCfg = Debug|Any CPU
		{D244D0B1-5A63-4EA6-AA41-94C0E4EA11C8}.Debug|Any CPU.Build.0 = Debug|Any CPU
		{D244D0B1-5A63-4EA6-AA41-94C0E4EA11C8}.ExportDebug|Any CPU.ActiveCfg = ExportDebug|Any CPU
		{D244D0B1-5A63-4EA6-AA41-94C0E4EA11C8}.ExportDebug|Any CPU.Build.0 = ExportDebug|Any CPU
		{D244D0B1-5A63-4EA6-AA41-94C0E4EA11C8}.ExportRelease|Any CPU.ActiveCfg = ExportRelease|Any CPU
		{D244D0B1-5A63-4EA6-AA41-94C0E4EA11C8}.ExportRelease|Any CPU.Build.0 = ExportRelease|Any CPU
	EndGlobalSection
EndGlobal
